
Microsoft Visual Studio Solution File, Format Version 12.00
# Visual Studio Version 17
VisualStudioVersion = 17.4.33110.190
MinimumVisualStudioVersion = 10.0.40219.1
Project("{FAE04EC0-301F-11D3-BF4B-00C04F79EFBC}") = "Ex02_Othello", "Ex02_Othello\Ex02_Othello.csproj", "{FC732D01-FF25-4413-9744-AE04FCEEF638}"
EndProject
Project("{9A19103F-16F7-4668-BE54-9A1E7A4F7556}") = "Ex05.UI", "Ex05.UI\Ex05.UI.csproj", "{A7EBC8E1-E1CB-4472-9EFE-D4F9D2BDB11E}"
EndProject
Project("{FAE04EC0-301F-11D3-BF4B-00C04F79EFBC}") = "Project1", "Project1\Project1.csproj", "{6EC48307-B71E-45CB-945E-643B87C197DD}"
EndProject
Global
	GlobalSection(SolutionConfigurationPlatforms) = preSolution
		Debug|Any CPU = Debug|Any CPU
		Release|Any CPU = Release|Any CPU
	EndGlobalSection
	GlobalSection(ProjectConfigurationPlatforms) = postSolution
		{FC732D01-FF25-4413-9744-AE04FCEEF638}.Debug|Any CPU.ActiveCfg = Debug|Any CPU
		{FC732D01-FF25-4413-9744-AE04FCEEF638}.Debug|Any CPU.Build.0 = Debug|Any CPU
		{FC732D01-FF25-4413-9744-AE04FCEEF638}.Release|Any CPU.ActiveCfg = Release|Any CPU
		{FC732D01-FF25-4413-9744-AE04FCEEF638}.Release|Any CPU.Build.0 = Release|Any CPU
		{A7EBC8E1-E1CB-4472-9EFE-D4F9D2BDB11E}.Debug|Any CPU.ActiveCfg = Debug|Any CPU
		{A7EBC8E1-E1CB-4472-9EFE-D4F9D2BDB11E}.Debug|Any CPU.Build.0 = Debug|Any CPU
		{A7EBC8E1-E1CB-4472-9EFE-D4F9D2BDB11E}.Release|Any CPU.ActiveCfg = Release|Any CPU
		{A7EBC8E1-E1CB-4472-9EFE-D4F9D2BDB11E}.Release|Any CPU.Build.0 = Release|Any CPU
		{6EC48307-B71E-45CB-945E-643B87C197DD}.Debug|Any CPU.ActiveCfg = Debug|Any CPU
		{6EC48307-B71E-45CB-945E-643B87C197DD}.Debug|Any CPU.Build.0 = Debug|Any CPU
		{6EC48307-B71E-45CB-945E-643B87C197DD}.Release|Any CPU.ActiveCfg = Release|Any CPU
		{6EC48307-B71E-45CB-945E-643B87C197DD}.Release|Any CPU.Build.0 = Release|Any CPU
	EndGlobalSection
	GlobalSection(SolutionProperties) = preSolution
		HideSolutionNode = FALSE
	EndGlobalSection
	GlobalSection(ExtensibilityGlobals) = postSolution
		SolutionGuid = {697ECF27-0F9C-49E8-8C07-1738B6B8C181}
	EndGlobalSection
EndGlobal
